
Microsoft Visual Studio Solution File, Format Version 12.00
# Visual Studio Version 16
VisualStudioVersion = 16.0.30413.136
MinimumVisualStudioVersion = 10.0.40219.1
Project("{FAE04EC0-301F-11D3-BF4B-00C04F79EFBC}") = "Landemy", "Landemy\Landemy.csproj", "{11AD9822-5AE8-4824-8CDD-12281DF0DED8}"
EndProject
Project("{FAE04EC0-301F-11D3-BF4B-00C04F79EFBC}") = "BaseControl", "..\BaseControl\BaseControl\BaseControl.csproj", "{3EABA6E4-017A-4B8F-9333-89FFE9A84632}"
EndProject
Project("{FAE04EC0-301F-11D3-BF4B-00C04F79EFBC}") = "winprint", "..\winprint\winprint\winprint\winprint.csproj", "{E2EE3108-5E82-4656-B0DC-2C4843B64DFC}"
EndProject
Global
	GlobalSection(SolutionConfigurationPlatforms) = preSolution
		Debug|Any CPU = Debug|Any CPU
		Release|Any CPU = Release|Any CPU
	EndGlobalSection
	GlobalSection(ProjectConfigurationPlatforms) = postSolution
		{11AD9822-5AE8-4824-8CDD-12281DF0DED8}.Debug|Any CPU.ActiveCfg = Debug|Any CPU
		{11AD9822-5AE8-4824-8CDD-12281DF0DED8}.Debug|Any CPU.Build.0 = Debug|Any CPU
		{11AD9822-5AE8-4824-8CDD-12281DF0DED8}.Release|Any CPU.ActiveCfg = Release|Any CPU
		{11AD9822-5AE8-4824-8CDD-12281DF0DED8}.Release|Any CPU.Build.0 = Release|Any CPU
		{3EABA6E4-017A-4B8F-9333-89FFE9A84632}.Debug|Any CPU.ActiveCfg = Debug|Any CPU
		{3EABA6E4-017A-4B8F-9333-89FFE9A84632}.Debug|Any CPU.Build.0 = Debug|Any CPU
		{3EABA6E4-017A-4B8F-9333-89FFE9A84632}.Release|Any CPU.ActiveCfg = Release|Any CPU
		{3EABA6E4-017A-4B8F-9333-89FFE9A84632}.Release|Any CPU.Build.0 = Release|Any CPU
		{E2EE3108-5E82-4656-B0DC-2C4843B64DFC}.Debug|Any CPU.ActiveCfg = Debug|Any CPU
		{E2EE3108-5E82-4656-B0DC-2C4843B64DFC}.Debug|Any CPU.Build.0 = Debug|Any CPU
		{E2EE3108-5E82-4656-B0DC-2C4843B64DFC}.Release|Any CPU.ActiveCfg = Release|Any CPU
		{E2EE3108-5E82-4656-B0DC-2C4843B64DFC}.Release|Any CPU.Build.0 = Release|Any CPU
	EndGlobalSection
	GlobalSection(SolutionProperties) = preSolution
		HideSolutionNode = FALSE
	EndGlobalSection
	GlobalSection(ExtensibilityGlobals) = postSolution
		SolutionGuid = {165CA45C-4BDA-4944-8EC2-51A9DF31C432}
	EndGlobalSection
EndGlobal
